
Microsoft Visual Studio Solution File, Format Version 11.00
# Visual Studio 2010
Project("{FAE04EC0-301F-11D3-BF4B-00C04F79EFBC}") = "JuegoN1RuizTorres", "Assembly-CSharp.csproj", "{6BBB0E8D-12C4-F219-6E72-4B3C772C9B1D}"
EndProject
Project("{FAE04EC0-301F-11D3-BF4B-00C04F79EFBC}") = "JuegoN1RuizTorres", "Assembly-CSharp-firstpass.csproj", "{B2C5B1EF-7495-9E62-2963-8865D8A2D2C4}"
EndProject
Project("{FAE04EC0-301F-11D3-BF4B-00C04F79EFBC}") = "JuegoN1RuizTorres", "Assembly-CSharp-Editor.csproj", "{37B9235A-113D-374C-D55B-C05DA636C3C4}"
EndProject
Project("{FAE04EC0-301F-11D3-BF4B-00C04F79EFBC}") = "JuegoN1RuizTorres", "Assembly-CSharp-Editor-firstpass.csproj", "{95736A77-3349-FD61-EE7D-8550E62B0BB0}"
EndProject
Global
	GlobalSection(SolutionConfigurationPlatforms) = preSolution
		Debug|Any CPU = Debug|Any CPU
		Release|Any CPU = Release|Any CPU
	EndGlobalSection
	GlobalSection(ProjectConfigurationPlatforms) = postSolution
		{6BBB0E8D-12C4-F219-6E72-4B3C772C9B1D}.Debug|Any CPU.ActiveCfg = Debug|Any CPU
		{6BBB0E8D-12C4-F219-6E72-4B3C772C9B1D}.Debug|Any CPU.Build.0 = Debug|Any CPU
		{6BBB0E8D-12C4-F219-6E72-4B3C772C9B1D}.Release|Any CPU.ActiveCfg = Release|Any CPU
		{6BBB0E8D-12C4-F219-6E72-4B3C772C9B1D}.Release|Any CPU.Build.0 = Release|Any CPU
		{B2C5B1EF-7495-9E62-2963-8865D8A2D2C4}.Debug|Any CPU.ActiveCfg = Debug|Any CPU
		{B2C5B1EF-7495-9E62-2963-8865D8A2D2C4}.Debug|Any CPU.Build.0 = Debug|Any CPU
		{B2C5B1EF-7495-9E62-2963-8865D8A2D2C4}.Release|Any CPU.ActiveCfg = Release|Any CPU
		{B2C5B1EF-7495-9E62-2963-8865D8A2D2C4}.Release|Any CPU.Build.0 = Release|Any CPU
		{37B9235A-113D-374C-D55B-C05DA636C3C4}.Debug|Any CPU.ActiveCfg = Debug|Any CPU
		{37B9235A-113D-374C-D55B-C05DA636C3C4}.Debug|Any CPU.Build.0 = Debug|Any CPU
		{37B9235A-113D-374C-D55B-C05DA636C3C4}.Release|Any CPU.ActiveCfg = Release|Any CPU
		{37B9235A-113D-374C-D55B-C05DA636C3C4}.Release|Any CPU.Build.0 = Release|Any CPU
		{95736A77-3349-FD61-EE7D-8550E62B0BB0}.Debug|Any CPU.ActiveCfg = Debug|Any CPU
		{95736A77-3349-FD61-EE7D-8550E62B0BB0}.Debug|Any CPU.Build.0 = Debug|Any CPU
		{95736A77-3349-FD61-EE7D-8550E62B0BB0}.Release|Any CPU.ActiveCfg = Release|Any CPU
		{95736A77-3349-FD61-EE7D-8550E62B0BB0}.Release|Any CPU.Build.0 = Release|Any CPU
	EndGlobalSection
	GlobalSection(SolutionProperties) = preSolution
		HideSolutionNode = FALSE
	EndGlobalSection
	GlobalSection(MonoDevelopProperties) = preSolution
		StartupItem = Assembly-CSharp.csproj
	EndGlobalSection
EndGlobal
